{
  "name": "@salsita/koa-error-middleware",
  "version": "1.1.2",
  "lockfileVersion": 1,
  "requires": true,
  "dependencies": {
    "@salsita/errors": {
      "version": "1.0.2",
      "resolved": "https://registry.npmjs.org/@salsita/errors/-/errors-1.0.2.tgz",
      "integrity": "sha512-pqJ1zfenKHlsUnAnAT48ZukQYKQXmnvC/Q9Pio4Wshg6StBQHEX1UAfMGkpVE2rLXSRRg6TcfYX7YsQzxtUlHg==",
      "requires": {
        "http-status": "^1.2.0"
      }
    },
    "@salsita/log": {
      "version": "1.0.1",
      "resolved": "https://registry.npmjs.org/@salsita/log/-/log-1.0.1.tgz",
      "integrity": "sha512-EOVQIkHA3oB7Cu5e2vd6WEYOrtVFDwtqXlO9hK8xwNmrk6fbS24SLHdutCpXw4sc17XKeXxuti3CiTL9Zq6QqA=="
    },
    "http-status": {
      "version": "1.5.0",
      "resolved": "https://registry.npmjs.org/http-status/-/http-status-1.5.0.tgz",
      "integrity": "sha512-wcGvY31MpFNHIkUcXHHnvrE4IKYlpvitJw5P/1u892gMBAM46muQ+RH7UN1d+Ntnfx5apnOnVY6vcLmrWHOLwg=="
    }
  }
}
